// !$*UTF8*$!
{
	archiveVersion = 1;
	classes = {
	};
	objectVersion = 46;
	objects = {

/* Begin PBXBuildFile section */
		DE6DA5C51E979B400037C81A /* AppDelegate.swift in Sources */ = {isa = PBXBuildFile; fileRef = DE6DA5C41E979B400037C81A /* AppDelegate.swift */; };
		DE6DA5C71E979B400037C81A /* ViewController.swift in Sources */ = {isa = PBXBuildFile; fileRef = DE6DA5C61E979B400037C81A /* ViewController.swift */; };
		DE6DA5CA1E979B400037C81A /* Main.storyboard in Resources */ = {isa = PBXBuildFile; fileRef = DE6DA5C81E979B400037C81A /* Main.storyboard */; };
		DE6DA5CC1E979B400037C81A /* Assets.xcassets in Resources */ = {isa = PBXBuildFile; fileRef = DE6DA5CB1E979B400037C81A /* Assets.xcassets */; };
		DE6DA5CF1E979B400037C81A /* LaunchScreen.storyboard in Resources */ = {isa = PBXBuildFile; fileRef = DE6DA5CD1E979B400037C81A /* LaunchScreen.storyboard */; };
		DE6DA5DA1E979B400037C81A /* delteTests.swift in Sources */ = {isa = PBXBuildFile; fileRef = DE6DA5D91E979B400037C81A /* delteTests.swift */; };
		DE6DA5E51E979B400037C81A /* delteUITests.swift in Sources */ = {isa = PBXBuildFile; fileRef = DE6DA5E41E979B400037C81A /* delteUITests.swift */; };
		DE6DA62D1E97A7520037C81A /* dgdg.swift in Sources */ = {isa = PBXBuildFile; fileRef = DE6DA62C1E97A7520037C81A /* dgdg.swift */; };
		DE6DA62F1E97AAAC0037C81A /* customCellTableViewCell.swift in Sources */ = {isa = PBXBuildFile; fileRef = DE6DA62E1E97AAAC0037C81A /* customCellTableViewCell.swift */; };
		DED2B74E1E980917007B3A38 /* SecondViewController.swift in Sources */ = {isa = PBXBuildFile; fileRef = DED2B74D1E980917007B3A38 /* SecondViewController.swift */; };
/* End PBXBuildFile section */

/* Begin PBXContainerItemProxy section */
		DE6DA5D61E979B400037C81A /* PBXContainerItemProxy */ = {
			isa = PBXContainerItemProxy;
			containerPortal = DE6DA5B91E979B400037C81A /* Project object */;
			proxyType = 1;
			remoteGlobalIDString = DE6DA5C01E979B400037C81A;
			remoteInfo = delte;
		};
		DE6DA5E11E979B400037C81A /* PBXContainerItemProxy */ = {
			isa = PBXContainerItemProxy;
			containerPortal = DE6DA5B91E979B400037C81A /* Project object */;
			proxyType = 1;
			remoteGlobalIDString = DE6DA5C01E979B400037C81A;
			remoteInfo = delte;
		};
/* End PBXContainerItemProxy section */

/* Begin PBXFileReference section */
		DE6DA5C11E979B400037C81A /* delte.app */ = {isa = PBXFileReference; explicitFileType = wrapper.application; includeInIndex = 0; path = delte.app; sourceTree = BUILT_PRODUCTS_DIR; };
		DE6DA5C41E979B400037C81A /* AppDelegate.swift */ = {isa = PBXFileReference; lastKnownFileType = sourcecode.swift; path = AppDelegate.swift; sourceTree = "<group>"; };
		DE6DA5C61E979B400037C81A /* ViewController.swift */ = {isa = PBXFileReference; lastKnownFileType = sourcecode.swift; path = ViewController.swift; sourceTree = "<group>"; };
		DE6DA5C91E979B400037C81A /* Base */ = {isa = PBXFileReference; lastKnownFileType = file.storyboard; name = Base; path = Base.lproj/Main.storyboard; sourceTree = "<group>"; };
		DE6DA5CB1E979B400037C81A /* Assets.xcassets */ = {isa = PBXFileReference; lastKnownFileType = folder.assetcatalog; path = Assets.xcassets; sourceTree = "<group>"; };
		DE6DA5CE1E979B400037C81A /* Base */ = {isa = PBXFileReference; lastKnownFileType = file.storyboard; name = Base; path = Base.lproj/LaunchScreen.storyboard; sourceTree = "<group>"; };
		DE6DA5D01E979B400037C81A /* Info.plist */ = {isa = PBXFileReference; lastKnownFileType = text.plist.xml; path = Info.plist; sourceTree = "<group>"; };
		DE6DA5D51E979B400037C81A /* delteTests.xctest */ = {isa = PBXFileReference; explicitFileType = wrapper.cfbundle; includeInIndex = 0; path = delteTests.xctest; sourceTree = BUILT_PRODUCTS_DIR; };
		DE6DA5D91E979B400037C81A /* delteTests.swift */ = {isa = PBXFileReference; lastKnownFileType = sourcecode.swift; path = delteTests.swift; sourceTree = "<group>"; };
		DE6DA5DB1E979B400037C81A /* Info.plist */ = {isa = PBXFileReference; lastKnownFileType = text.plist.xml; path = Info.plist; sourceTree = "<group>"; };
		DE6DA5E01E979B400037C81A /* delteUITests.xctest */ = {isa = PBXFileReference; explicitFileType = wrapper.cfbundle; includeInIndex = 0; path = delteUITests.xctest; sourceTree = BUILT_PRODUCTS_DIR; };
		DE6DA5E41E979B400037C81A /* delteUITests.swift */ = {isa = PBXFileReference; lastKnownFileType = sourcecode.swift; path = delteUITests.swift; sourceTree = "<group>"; };
		DE6DA5E61E979B400037C81A /* Info.plist */ = {isa = PBXFileReference; lastKnownFileType = text.plist.xml; path = Info.plist; sourceTree = "<group>"; };
		DE6DA62C1E97A7520037C81A /* dgdg.swift */ = {isa = PBXFileReference; fileEncoding = 4; lastKnownFileType = sourcecode.swift; path = dgdg.swift; sourceTree = "<group>"; };
		DE6DA62E1E97AAAC0037C81A /* customCellTableViewCell.swift */ = {isa = PBXFileReference; fileEncoding = 4; lastKnownFileType = sourcecode.swift; path = customCellTableViewCell.swift; sourceTree = "<group>"; };
		DED2B74D1E980917007B3A38 /* SecondViewController.swift */ = {isa = PBXFileReference; fileEncoding = 4; lastKnownFileType = sourcecode.swift; path = SecondViewController.swift; sourceTree = "<group>"; };
/* End PBXFileReference section */

/* Begin PBXFrameworksBuildPhase section */
		DE6DA5BE1E979B400037C81A /* Frameworks */ = {
			isa = PBXFrameworksBuildPhase;
			buildActionMask = 2147483647;
			files = (
			);
			runOnlyForDeploymentPostprocessing = 0;
		};
		DE6DA5D21E979B400037C81A /* Frameworks */ = {
			isa = PBXFrameworksBuildPhase;
			buildActionMask = 2147483647;
			files = (
			);
			runOnlyForDeploymentPostprocessing = 0;
		};
		DE6DA5DD1E979B400037C81A /* Frameworks */ = {
			isa = PBXFrameworksBuildPhase;
			buildActionMask = 2147483647;
			files = (
			);
			runOnlyForDeploymentPostprocessing = 0;
		};
/* End PBXFrameworksBuildPhase section */

/* Begin PBXGroup section */
		DE6DA5B81E979B400037C81A = {
			isa = PBXGroup;
			children = (
				DE6DA5C31E979B400037C81A /* delte */,
				DED2B74F1E980E56007B3A38 /* toBeDeleted */,
				DE6DA5D81E979B400037C81A /* delteTests */,
				DE6DA5E31E979B400037C81A /* delteUITests */,
				DE6DA5C21E979B400037C81A /* Products */,
			);
			sourceTree = "<group>";
		};
		DE6DA5C21E979B400037C81A /* Products */ = {
			isa = PBXGroup;
			children = (
				DE6DA5C11E979B400037C81A /* delte.app */,
				DE6DA5D51E979B400037C81A /* delteTests.xctest */,
				DE6DA5E01E979B400037C81A /* delteUITests.xctest */,
			);
			name = Products;
			sourceTree = "<group>";
		};
		DE6DA5C31E979B400037C81A /* delte */ = {
			isa = PBXGroup;
			children = (
				DE6DA5C41E979B400037C81A /* AppDelegate.swift */,
				DED2B74D1E980917007B3A38 /* SecondViewController.swift */,
				DE6DA5C81E979B400037C81A /* Main.storyboard */,
				DE6DA5CB1E979B400037C81A /* Assets.xcassets */,
				DE6DA5CD1E979B400037C81A /* LaunchScreen.storyboard */,
				DE6DA5D01E979B400037C81A /* Info.plist */,
			);
			path = delte;
			sourceTree = "<group>";
		};
		DE6DA5D81E979B400037C81A /* delteTests */ = {
			isa = PBXGroup;
			children = (
				DE6DA5D91E979B400037C81A /* delteTests.swift */,
				DE6DA5DB1E979B400037C81A /* Info.plist */,
			);
			path = delteTests;
			sourceTree = "<group>";
		};
		DE6DA5E31E979B400037C81A /* delteUITests */ = {
			isa = PBXGroup;
			children = (
				DE6DA5E41E979B400037C81A /* delteUITests.swift */,
				DE6DA5E61E979B400037C81A /* Info.plist */,
			);
			path = delteUITests;
			sourceTree = "<group>";
		};
		DED2B74F1E980E56007B3A38 /* toBeDeleted */ = {
			isa = PBXGroup;
			children = (
				DE6DA5C61E979B400037C81A /* ViewController.swift */,
				DE6DA62E1E97AAAC0037C81A /* customCellTableViewCell.swift */,
				DE6DA62C1E97A7520037C81A /* dgdg.swift */,
			);
			name = toBeDeleted;
			path = delte;
			sourceTree = "<group>";
		};
/* End PBXGroup section */

/* Begin PBXNativeTarget section */
		DE6DA5C01E979B400037C81A /* delte */ = {
			isa = PBXNativeTarget;
			buildConfigurationList = DE6DA5E91E979B400037C81A /* Build configuration list for PBXNativeTarget "delte" */;
			buildPhases = (
				DE6DA5BD1E979B400037C81A /* Sources */,
				DE6DA5BE1E979B400037C81A /* Frameworks */,
				DE6DA5BF1E979B400037C81A /* Resources */,
			);
			buildRules = (
			);
			dependencies = (
			);
			name = delte;
			productName = delte;
			productReference = DE6DA5C11E979B400037C81A /* delte.app */;
			productType = "com.apple.product-type.application";
		};
		DE6DA5D41E979B400037C81A /* delteTests */ = {
			isa = PBXNativeTarget;
			buildConfigurationList = DE6DA5EC1E979B400037C81A /* Build configuration list for PBXNativeTarget "delteTests" */;
			buildPhases = (
				DE6DA5D11E979B400037C81A /* Sources */,
				DE6DA5D21E979B400037C81A /* Frameworks */,
				DE6DA5D31E979B400037C81A /* Resources */,
			);
			buildRules = (
			);
			dependencies = (
				DE6DA5D71E979B400037C81A /* PBXTargetDependency */,
			);
			name = delteTests;
			productName = delteTests;
			productReference = DE6DA5D51E979B400037C81A /* delteTests.xctest */;
			productType = "com.apple.product-type.bundle.unit-test";
		};
		DE6DA5DF1E979B400037C81A /* delteUITests */ = {
			isa = PBXNativeTarget;
			buildConfigurationList = DE6DA5EF1E979B400037C81A /* Build configuration list for PBXNativeTarget "delteUITests" */;
			buildPhases = (
				DE6DA5DC1E979B400037C81A /* Sources */,
				DE6DA5DD1E979B400037C81A /* Frameworks */,
				DE6DA5DE1E979B400037C81A /* Resources */,
			);
			buildRules = (
			);
			dependencies = (
				DE6DA5E21E979B400037C81A /* PBXTargetDependency */,
			);
			name = delteUITests;
			productName = delteUITests;
			productReference = DE6DA5E01E979B400037C81A /* delteUITests.xctest */;
			productType = "com.apple.product-type.bundle.ui-testing";
		};
/* End PBXNativeTarget section */

/* Begin PBXProject section */
		DE6DA5B91E979B400037C81A /* Project object */ = {
			isa = PBXProject;
			attributes = {
				LastSwiftUpdateCheck = 0820;
				LastUpgradeCheck = 0820;
				ORGANIZATIONNAME = webarch;
				TargetAttributes = {
					DE6DA5C01E979B400037C81A = {
						CreatedOnToolsVersion = 8.2.1;
						DevelopmentTeam = QH78WYZE35;
						ProvisioningStyle = Automatic;
					};
					DE6DA5D41E979B400037C81A = {
						CreatedOnToolsVersion = 8.2.1;
						DevelopmentTeam = QH78WYZE35;
						ProvisioningStyle = Automatic;
						TestTargetID = DE6DA5C01E979B400037C81A;
					};
					DE6DA5DF1E979B400037C81A = {
						CreatedOnToolsVersion = 8.2.1;
						DevelopmentTeam = QH78WYZE35;
						ProvisioningStyle = Automatic;
						TestTargetID = DE6DA5C01E979B400037C81A;
					};
				};
			};
			buildConfigurationList = DE6DA5BC1E979B400037C81A /* Build configuration list for PBXProject "delte" */;
			compatibilityVersion = "Xcode 3.2";
			developmentRegion = English;
			hasScannedForEncodings = 0;
			knownRegions = (
				en,
				Base,
			);
			mainGroup = DE6DA5B81E979B400037C81A;
			productRefGroup = DE6DA5C21E979B400037C81A /* Products */;
			projectDirPath = "";
			projectRoot = "";
			targets = (
				DE6DA5C01E979B400037C81A /* delte */,
				DE6DA5D41E979B400037C81A /* delteTests */,
				DE6DA5DF1E979B400037C81A /* delteUITests */,
			);
		};
/* End PBXProject section */

/* Begin PBXResourcesBuildPhase section */
		DE6DA5BF1E979B400037C81A /* Resources */ = {
			isa = PBXResourcesBuildPhase;
			buildActionMask = 2147483647;
			files = (
				DE6DA5CF1E979B400037C81A /* LaunchScreen.storyboard in Resources */,
				DE6DA5CC1E979B400037C81A /* Assets.xcassets in Resources */,
				DE6DA5CA1E979B400037C81A /* Main.storyboard in Resources */,
			);
			runOnlyForDeploymentPostprocessing = 0;
		};
		DE6DA5D31E979B400037C81A /* Resources */ = {
			isa = PBXResourcesBuildPhase;
			buildActionMask = 2147483647;
			files = (
			);
			runOnlyForDeploymentPostprocessing = 0;
		};
		DE6DA5DE1E979B400037C81A /* Resources */ = {
			isa = PBXResourcesBuildPhase;
			buildActionMask = 2147483647;
			files = (
			);
			runOnlyForDeploymentPostprocessing = 0;
		};
/* End PBXResourcesBuildPhase section */

/* Begin PBXSourcesBuildPhase section */
		DE6DA5BD1E979B400037C81A /* Sources */ = {
			isa = PBXSourcesBuildPhase;
			buildActionMask = 2147483647;
			files = (
				DE6DA62D1E97A7520037C81A /* dgdg.swift in Sources */,
				DE6DA5C71E979B400037C81A /* ViewController.swift in Sources */,
				DE6DA62F1E97AAAC0037C81A /* customCellTableViewCell.swift in Sources */,
				DED2B74E1E980917007B3A38 /* SecondViewController.swift in Sources */,
				DE6DA5C51E979B400037C81A /* AppDelegate.swift in Sources */,
			);
			runOnlyForDeploymentPostprocessing = 0;
		};
		DE6DA5D11E979B400037C81A /* Sources */ = {
			isa = PBXSourcesBuildPhase;
			buildActionMask = 2147483647;
			files = (
				DE6DA5DA1E979B400037C81A /* delteTests.swift in Sources */,
			);
			runOnlyForDeploymentPostprocessing = 0;
		};
		DE6DA5DC1E979B400037C81A /* Sources */ = {
			isa = PBXSourcesBuildPhase;
			buildActionMask = 2147483647;
			files = (
				DE6DA5E51E979B400037C81A /* delteUITests.swift in Sources */,
			);
			runOnlyForDeploymentPostprocessing = 0;
		};
/* End PBXSourcesBuildPhase section */

/* Begin PBXTargetDependency section */
		DE6DA5D71E979B400037C81A /* PBXTargetDependency */ = {
			isa = PBXTargetDependency;
			target = DE6DA5C01E979B400037C81A /* delte */;
			targetProxy = DE6DA5D61E979B400037C81A /* PBXContainerItemProxy */;
		};
		DE6DA5E21E979B400037C81A /* PBXTargetDependency */ = {
			isa = PBXTargetDependency;
			target = DE6DA5C01E979B400037C81A /* delte */;
			targetProxy = DE6DA5E11E979B400037C81A /* PBXContainerItemProxy */;
		};
/* End PBXTargetDependency section */

/* Begin PBXVariantGroup section */
		DE6DA5C81E979B400037C81A /* Main.storyboard */ = {
			isa = PBXVariantGroup;
			children = (
				DE6DA5C91E979B400037C81A /* Base */,
			);
			name = Main.storyboard;
			sourceTree = "<group>";
		};
		DE6DA5CD1E979B400037C81A /* LaunchScreen.storyboard */ = {
			isa = PBXVariantGroup;
			children = (
				DE6DA5CE1E979B400037C81A /* Base */,
			);
			name = LaunchScreen.storyboard;
			sourceTree = "<group>";
		};
/* End PBXVariantGroup section */

/* Begin XCBuildConfiguration section */
		DE6DA5E71E979B400037C81A /* Debug */ = {
			isa = XCBuildConfiguration;
			buildSettings = {
				ALWAYS_SEARCH_USER_PATHS = NO;
				CLANG_ANALYZER_NONNULL = YES;
				CLANG_CXX_LANGUAGE_STANDARD = "gnu++0x";
				CLANG_CXX_LIBRARY = "libc++";
				CLANG_ENABLE_MODULES = YES;
				CLANG_ENABLE_OBJC_ARC = YES;
				CLANG_WARN_BOOL_CONVERSION = YES;
				CLANG_WARN_CONSTANT_CONVERSION = YES;
				CLANG_WARN_DIRECT_OBJC_ISA_USAGE = YES_ERROR;
				CLANG_WARN_DOCUMENTATION_COMMENTS = YES;
				CLANG_WARN_EMPTY_BODY = YES;
				CLANG_WARN_ENUM_CONVERSION = YES;
				CLANG_WARN_INFINITE_RECURSION = YES;
				CLANG_WARN_INT_CONVERSION = YES;
				CLANG_WARN_OBJC_ROOT_CLASS = YES_ERROR;
				CLANG_WARN_SUSPICIOUS_MOVE = YES;
				CLANG_WARN_UNREACHABLE_CODE = YES;
				CLANG_WARN__DUPLICATE_METHOD_MATCH = YES;
				"CODE_SIGN_IDENTITY[sdk=iphoneos*]" = "iPhone Developer";
				COPY_PHASE_STRIP = NO;
				DEBUG_INFORMATION_FORMAT = dwarf;
				ENABLE_STRICT_OBJC_MSGSEND = YES;
				ENABLE_TESTABILITY = YES;
				GCC_C_LANGUAGE_STANDARD = gnu99;
				GCC_DYNAMIC_NO_PIC = NO;
				GCC_NO_COMMON_BLOCKS = YES;
				GCC_OPTIMIZATION_LEVEL = 0;
				GCC_PREPROCESSOR_DEFINITIONS = (
					"DEBUG=1",
					"$(inherited)",
				);
				GCC_WARN_64_TO_32_BIT_CONVERSION = YES;
				GCC_WARN_ABOUT_RETURN_TYPE = YES_ERROR;
				GCC_WARN_UNDECLARED_SELECTOR = YES;
				GCC_WARN_UNINITIALIZED_AUTOS = YES_AGGRESSIVE;
				GCC_WARN_UNUSED_FUNCTION = YES;
				GCC_WARN_UNUSED_VARIABLE = YES;
				IPHONEOS_DEPLOYMENT_TARGET = 10.2;
				MTL_ENABLE_DEBUG_INFO = YES;
				ONLY_ACTIVE_ARCH = YES;
				SDKROOT = iphoneos;
				SWIFT_ACTIVE_COMPILATION_CONDITIONS = DEBUG;
				SWIFT_OPTIMIZATION_LEVEL = "-Onone";
			};
			name = Debug;
		};
		DE6DA5E81E979B400037C81A /* Release */ = {
			isa = XCBuildConfiguration;
			buildSettings = {
				ALWAYS_SEARCH_USER_PATHS = NO;
				CLANG_ANALYZER_NONNULL = YES;
				CLANG_CXX_LANGUAGE_STANDARD = "gnu++0x";
				CLANG_CXX_LIBRARY = "libc++";
				CLANG_ENABLE_MODULES = YES;
				CLANG_ENABLE_OBJC_ARC = YES;
				CLANG_WARN_BOOL_CONVERSION = YES;
				CLANG_WARN_CONSTANT_CONVERSION = YES;
				CLANG_WARN_DIRECT_OBJC_ISA_USAGE = YES_ERROR;
				CLANG_WARN_DOCUMENTATION_COMMENTS = YES;
				CLANG_WARN_EMPTY_BODY = YES;
				CLANG_WARN_ENUM_CONVERSION = YES;
				CLANG_WARN_INFINITE_RECURSION = YES;
				CLANG_WARN_INT_CONVERSION = YES;
				CLANG_WARN_OBJC_ROOT_CLASS = YES_ERROR;
				CLANG_WARN_SUSPICIOUS_MOVE = YES;
				CLANG_WARN_UNREACHABLE_CODE = YES;
				CLANG_WARN__DUPLICATE_METHOD_MATCH = YES;
				"CODE_SIGN_IDENTITY[sdk=iphoneos*]" = "iPhone Developer";
				COPY_PHASE_STRIP = NO;
				DEBUG_INFORMATION_FORMAT = "dwarf-with-dsym";
				ENABLE_NS_ASSERTIONS = NO;
				ENABLE_STRICT_OBJC_MSGSEND = YES;
				GCC_C_LANGUAGE_STANDARD = gnu99;
				GCC_NO_COMMON_BLOCKS = YES;
				GCC_WARN_64_TO_32_BIT_CONVERSION = YES;
				GCC_WARN_ABOUT_RETURN_TYPE = YES_ERROR;
				GCC_WARN_UNDECLARED_SELECTOR = YES;
				GCC_WARN_UNINITIALIZED_AUTOS = YES_AGGRESSIVE;
				GCC_WARN_UNUSED_FUNCTION = YES;
				GCC_WARN_UNUSED_VARIABLE = YES;
				IPHONEOS_DEPLOYMENT_TARGET = 10.2;
				MTL_ENABLE_DEBUG_INFO = NO;
				SDKROOT = iphoneos;
				SWIFT_OPTIMIZATION_LEVEL = "-Owholemodule";
				VALIDATE_PRODUCT = YES;
			};
			name = Release;
		};
		DE6DA5EA1E979B400037C81A /* Debug */ = {
			isa = XCBuildConfiguration;
			buildSettings = {
				ASSETCATALOG_COMPILER_APPICON_NAME = AppIcon;
				DEVELOPMENT_TEAM = QH78WYZE35;
				INFOPLIST_FILE = delte/Info.plist;
				LD_RUNPATH_SEARCH_PATHS = "$(inherited) @executable_path/Frameworks";
				PRODUCT_BUNDLE_IDENTIFIER = webarch.delte;
				PRODUCT_NAME = "$(TARGET_NAME)";
				SWIFT_VERSION = 3.0;
			};
			name = Debug;
		};
		DE6DA5EB1E979B400037C81A /* Release */ = {
			isa = XCBuildConfiguration;
			buildSettings = {
				ASSETCATALOG_COMPILER_APPICON_NAME = AppIcon;
				DEVELOPMENT_TEAM = QH78WYZE35;
				INFOPLIST_FILE = delte/Info.plist;
				LD_RUNPATH_SEARCH_PATHS = "$(inherited) @executable_path/Frameworks";
				PRODUCT_BUNDLE_IDENTIFIER = webarch.delte;
				PRODUCT_NAME = "$(TARGET_NAME)";
				SWIFT_VERSION = 3.0;
			};
			name = Release;
		};
		DE6DA5ED1E979B400037C81A /* Debug */ = {
			isa = XCBuildConfiguration;
			buildSettings = {
				ALWAYS_EMBED_SWIFT_STANDARD_LIBRARIES = YES;
				BUNDLE_LOADER = "$(TEST_HOST)";
				DEVELOPMENT_TEAM = QH78WYZE35;
				INFOPLIST_FILE = delteTests/Info.plist;
				LD_RUNPATH_SEARCH_PATHS = "$(inherited) @executable_path/Frameworks @loader_path/Frameworks";
				PRODUCT_BUNDLE_IDENTIFIER = webarch.delteTests;
				PRODUCT_NAME = "$(TARGET_NAME)";
				SWIFT_VERSION = 3.0;
				TEST_HOST = "$(BUILT_PRODUCTS_DIR)/delte.app/delte";
			};
			name = Debug;
		};
		DE6DA5EE1E979B400037C81A /* Release */ = {
			isa = XCBuildConfiguration;
			buildSettings = {
				ALWAYS_EMBED_SWIFT_STANDARD_LIBRARIES = YES;
				BUNDLE_LOADER = "$(TEST_HOST)";
				DEVELOPMENT_TEAM = QH78WYZE35;
				INFOPLIST_FILE = delteTests/Info.plist;
				LD_RUNPATH_SEARCH_PATHS = "$(inherited) @executable_path/Frameworks @loader_path/Frameworks";
				PRODUCT_BUNDLE_IDENTIFIER = webarch.delteTests;
				PRODUCT_NAME = "$(TARGET_NAME)";
				SWIFT_VERSION = 3.0;
				TEST_HOST = "$(BUILT_PRODUCTS_DIR)/delte.app/delte";
			};
			name = Release;
		};
		DE6DA5F01E979B400037C81A /* Debug */ = {
			isa = XCBuildConfiguration;
			buildSettings = {
				ALWAYS_EMBED_SWIFT_STANDARD_LIBRARIES = YES;
				DEVELOPMENT_TEAM = QH78WYZE35;
				INFOPLIST_FILE = delteUITests/Info.plist;
				LD_RUNPATH_SEARCH_PATHS = "$(inherited) @executable_path/Frameworks @loader_path/Frameworks";
				PRODUCT_BUNDLE_IDENTIFIER = webarch.delteUITests;
				PRODUCT_NAME = "$(TARGET_NAME)";
				SWIFT_VERSION = 3.0;
				TEST_TARGET_NAME = delte;
			};
			name = Debug;
		};
		DE6DA5F11E979B400037C81A /* Release */ = {
			isa = XCBuildConfiguration;
			buildSettings = {
				ALWAYS_EMBED_SWIFT_STANDARD_LIBRARIES = YES;
				DEVELOPMENT_TEAM = QH78WYZE35;
				INFOPLIST_FILE = delteUITests/Info.plist;
				LD_RUNPATH_SEARCH_PATHS = "$(inherited) @executable_path/Frameworks @loader_path/Frameworks";
				PRODUCT_BUNDLE_IDENTIFIER = webarch.delteUITests;
				PRODUCT_NAME = "$(TARGET_NAME)";
				SWIFT_VERSION = 3.0;
				TEST_TARGET_NAME = delte;
			};
			name = Release;
		};
/* End XCBuildConfiguration section */

/* Begin XCConfigurationList section */
		DE6DA5BC1E979B400037C81A /* Build configuration list for PBXProject "delte" */ = {
			isa = XCConfigurationList;
			buildConfigurations = (
				DE6DA5E71E979B400037C81A /* Debug */,
				DE6DA5E81E979B400037C81A /* Release */,
			);
			defaultConfigurationIsVisible = 0;
			defaultConfigurationName = Release;
		};
		DE6DA5E91E979B400037C81A /* Build configuration list for PBXNativeTarget "delte" */ = {
			isa = XCConfigurationList;
			buildConfigurations = (
				DE6DA5EA1E979B400037C81A /* Debug */,
				DE6DA5EB1E979B400037C81A /* Release */,
			);
			defaultConfigurationIsVisible = 0;
			defaultConfigurationName = Release;
		};
		DE6DA5EC1E979B400037C81A /* Build configuration list for PBXNativeTarget "delteTests" */ = {
			isa = XCConfigurationList;
			buildConfigurations = (
				DE6DA5ED1E979B400037C81A /* Debug */,
				DE6DA5EE1E979B400037C81A /* Release */,
			);
			defaultConfigurationIsVisible = 0;
			defaultConfigurationName = Release;
		};
		DE6DA5EF1E979B400037C81A /* Build configuration list for PBXNativeTarget "delteUITests" */ = {
			isa = XCConfigurationList;
			buildConfigurations = (
				DE6DA5F01E979B400037C81A /* Debug */,
				DE6DA5F11E979B400037C81A /* Release */,
			);
			defaultConfigurationIsVisible = 0;
			defaultConfigurationName = Release;
		};
/* End XCConfigurationList section */
	};
	rootObject = DE6DA5B91E979B400037C81A /* Project object */;
}
